
Microsoft Visual Studio Solution File, Format Version 12.00
# Visual Studio Version 16
VisualStudioVersion = 16.0.32002.261
MinimumVisualStudioVersion = 10.0.40219.1
Project("{FAE04EC0-301F-11D3-BF4B-00C04F79EFBC}") = "socket", "socket\socket.csproj", "{A8396E2D-52DB-46FB-80F2-4C96DAD2E656}"
EndProject
Global
	GlobalSection(SolutionConfigurationPlatforms) = preSolution
		Debug|Any CPU = Debug|Any CPU
		Release|Any CPU = Release|Any CPU
	EndGlobalSection
	GlobalSection(ProjectConfigurationPlatforms) = postSolution
		{A8396E2D-52DB-46FB-80F2-4C96DAD2E656}.Debug|Any CPU.ActiveCfg = Debug|Any CPU
		{A8396E2D-52DB-46FB-80F2-4C96DAD2E656}.Debug|Any CPU.Build.0 = Debug|Any CPU
		{A8396E2D-52DB-46FB-80F2-4C96DAD2E656}.Release|Any CPU.ActiveCfg = Release|Any CPU
		{A8396E2D-52DB-46FB-80F2-4C96DAD2E656}.Release|Any CPU.Build.0 = Release|Any CPU
	EndGlobalSection
	GlobalSection(SolutionProperties) = preSolution
		HideSolutionNode = FALSE
	EndGlobalSection
	GlobalSection(ExtensibilityGlobals) = postSolution
		SolutionGuid = {4772CB40-8A98-4550-AE48-CEB237C4DD42}
	EndGlobalSection
EndGlobal
